
Microsoft Visual Studio Solution File, Format Version 12.00
# Visual Studio 2013
VisualStudioVersion = 12.0.21005.1
MinimumVisualStudioVersion = 10.0.40219.1
Project("{FAE04EC0-301F-11D3-BF4B-00C04F79EFBC}") = "AulaLP2- 05-07-16", "AulaLP2- 05-07-16\AulaLP2- 05-07-16.csproj", "{F72E37DE-90C6-4840-A717-890F3C8A1BFC}"
EndProject
Global
	GlobalSection(SolutionConfigurationPlatforms) = preSolution
		Debug|Any CPU = Debug|Any CPU
		Release|Any CPU = Release|Any CPU
	EndGlobalSection
	GlobalSection(ProjectConfigurationPlatforms) = postSolution
		{F72E37DE-90C6-4840-A717-890F3C8A1BFC}.Debug|Any CPU.ActiveCfg = Debug|Any CPU
		{F72E37DE-90C6-4840-A717-890F3C8A1BFC}.Debug|Any CPU.Build.0 = Debug|Any CPU
		{F72E37DE-90C6-4840-A717-890F3C8A1BFC}.Release|Any CPU.ActiveCfg = Release|Any CPU
		{F72E37DE-90C6-4840-A717-890F3C8A1BFC}.Release|Any CPU.Build.0 = Release|Any CPU
	EndGlobalSection
	GlobalSection(SolutionProperties) = preSolution
		HideSolutionNode = FALSE
	EndGlobalSection
EndGlobal
